// !$*UTF8*$!
{
	archiveVersion = 1;
	classes = {
	};
	objectVersion = 54;
	objects = {

/* Begin PBXBuildFile section */
		"0BCAF54A-5D1D-4853-AEDB-1238DEE3E95F" /* ofxVisionDetectRectangles.mm in Sources */ = {isa = PBXBuildFile; fileRef = "B13D0C0E-C84B-49EC-A770-A99E1FA88F44" /* ofxVisionDetectRectangles.mm */; };
		"1268A4E7-D690-40CD-A602-53210FBC91A6" /* ofxVisionObjectnessBasedSaliencyImage.mm in Sources */ = {isa = PBXBuildFile; fileRef = "22BC7A09-CBC2-4C73-B96F-6D77A4FCDF0D" /* ofxVisionObjectnessBasedSaliencyImage.mm */; };
		"42A80386-9352-4681-8A6D-40EE719B5683" /* ofxVisionDetectFaceLandmarks.mm in Sources */ = {isa = PBXBuildFile; fileRef = "679997CA-9F04-41F0-8B95-1421AD4B94EA" /* ofxVisionDetectFaceLandmarks.mm */; };
		"48DDD54B-E573-4AF3-9A6E-4B3D1CF688D8" /* ofxVisionObjCUtility.mm in Sources */ = {isa = PBXBuildFile; fileRef = "B69723C8-6D00-4766-B7E1-6350F18B2DF3" /* ofxVisionObjCUtility.mm */; };
		"796BD867-4B37-4AD2-9C93-AF601D599418" /* ofxVisionPersonSegmentation.mm in Sources */ = {isa = PBXBuildFile; fileRef = "DE943890-10A3-4E91-929F-A47D3FC5FCB3" /* ofxVisionPersonSegmentation.mm */; };
		"7EB58C13-1291-4F11-BD9E-F548B70BE536" /* ofxVisionUtility.mm in Sources */ = {isa = PBXBuildFile; fileRef = "76E3301D-9CD9-45E9-8C90-BEA39934BDEF" /* ofxVisionUtility.mm */; };
		"8BF9CE76-40AE-49CF-B745-3E8C310B0D14" /* ofxVisionDetectContours.mm in Sources */ = {isa = PBXBuildFile; fileRef = "350682EC-AD0F-44A0-862D-C753AC144D43" /* ofxVisionDetectContours.mm */; };
		"9783DD78-4D91-43E5-AABD-F3DD6AA2F26B" /* ofxVisionDetectHumanHandPose.mm in Sources */ = {isa = PBXBuildFile; fileRef = "D448B082-F1D0-4A1E-818E-FBF7CD712D1A" /* ofxVisionDetectHumanHandPose.mm */; };
		"A93CA8CE-FE9E-4CC9-982C-6F04D635CADA" /* ofxVisionGenerateOpticalFlow.mm in Sources */ = {isa = PBXBuildFile; fileRef = "CC93D148-EFB1-4FB0-935F-0F619D83FDA4" /* ofxVisionGenerateOpticalFlow.mm */; };
		"A99C3D76-01BE-45A8-917F-4D69F44BC783" /* ofxVisionMultipleDetector.mm in Sources */ = {isa = PBXBuildFile; fileRef = "DBF8B586-2100-497C-9FD6-EDA64F547DCA" /* ofxVisionMultipleDetector.mm */; };
		"B78E3E8E-D0A5-4B88-8794-0ADCCA55154D" /* ofxVisionDetectHumanBodyPose.mm in Sources */ = {isa = PBXBuildFile; fileRef = "E38467A5-443C-4FFF-BF22-1AF1D8883E69" /* ofxVisionDetectHumanBodyPose.mm */; };
		"C971462D-A9F1-43D7-9DD1-519D4EF4D3E1" /* IOSurface.framework in Frameworks */ = {isa = PBXBuildFile; fileRef = "B52BE8C6-0398-4741-96A9-4F63E9C3945C" /* IOSurface.framework */; };
		"C9C17102-D180-48A7-A56C-52F3BD1B9683" /* Vision.framework in Frameworks */ = {isa = PBXBuildFile; fileRef = "430EF98B-8277-4958-9C57-F512B62F81AA" /* Vision.framework */; };
		"D9A0283C-21DB-4416-8D88-4F288713FCAD" /* ofxVisionBase.mm in Sources */ = {isa = PBXBuildFile; fileRef = "82514E69-483E-4F6E-94D7-1A4A3D3DFD2C" /* ofxVisionBase.mm */; };
		E4B69E200A3A1BDC003C02F2 /* main.cpp in Sources */ = {isa = PBXBuildFile; fileRef = E4B69E1D0A3A1BDC003C02F2 /* main.cpp */; };
		E4B69E210A3A1BDC003C02F2 /* ofApp.cpp in Sources */ = {isa = PBXBuildFile; fileRef = E4B69E1E0A3A1BDC003C02F2 /* ofApp.cpp */; };
		"F166A71E-9E6F-4150-BFAA-AAB033A6904E" /* ofxVisionAttentionBasedSaliencyImage.mm in Sources */ = {isa = PBXBuildFile; fileRef = "F69CEF19-A10E-45D4-A8BD-ACD11946F543" /* ofxVisionAttentionBasedSaliencyImage.mm */; };
/* End PBXBuildFile section */

/* Begin PBXCopyFilesBuildPhase section */
		E4A5B60F29BAAAE400C2D356 /* CopyFiles */ = {
			isa = PBXCopyFilesBuildPhase;
			buildActionMask = 2147483647;
			dstPath = "";
			dstSubfolderSpec = 6;
			files = (
			);
			runOnlyForDeploymentPostprocessing = 0;
		};
		E4C2427710CC5ABF004149E2 /* CopyFiles */ = {
			isa = PBXCopyFilesBuildPhase;
			buildActionMask = 2147483647;
			dstPath = "";
			dstSubfolderSpec = 10;
			files = (
			);
			runOnlyForDeploymentPostprocessing = 0;
		};
/* End PBXCopyFilesBuildPhase section */

/* Begin PBXFileReference section */
		"11CAF163-015D-413D-8D70-DC5A2C0927A8" /* ofxVisionGenerateOpticalFlow.h */ = {isa = PBXFileReference; explicitFileType = sourcecode.c.h; fileEncoding = 4; name = ofxVisionGenerateOpticalFlow.h; path = ../../ofxVision/src/Detectors/ofxVisionGenerateOpticalFlow.h; sourceTree = SOURCE_ROOT; };
		191CD6FA2847E21E0085CBB6 /* of.entitlements */ = {isa = PBXFileReference; fileEncoding = 4; lastKnownFileType = text.plist.entitlements; path = of.entitlements; sourceTree = "<group>"; };
		191EF70929D778A400F35F26 /* openFrameworks */ = {isa = PBXFileReference; lastKnownFileType = folder; name = openFrameworks; path = ../../../libs/openFrameworks; sourceTree = SOURCE_ROOT; };
		"1A64EDBA-D9B8-4425-8377-0E51C5B19673" /* ofxVisionDetectFaceLandmarks.h */ = {isa = PBXFileReference; explicitFileType = sourcecode.c.h; fileEncoding = 4; name = ofxVisionDetectFaceLandmarks.h; path = ../../ofxVision/src/Detectors/ofxVisionDetectFaceLandmarks.h; sourceTree = SOURCE_ROOT; };
		"1BC0A7F2-5222-49DF-BBCF-CD5061D60A95" /* ofxVisionMultipleDetector.h */ = {isa = PBXFileReference; explicitFileType = sourcecode.c.h; fileEncoding = 4; name = ofxVisionMultipleDetector.h; path = ../../ofxVision/src/ofxVisionMultipleDetector.h; sourceTree = SOURCE_ROOT; };
		"22BC7A09-CBC2-4C73-B96F-6D77A4FCDF0D" /* ofxVisionObjectnessBasedSaliencyImage.mm */ = {isa = PBXFileReference; explicitFileType = sourcecode.cpp.objcpp; fileEncoding = 4; name = ofxVisionObjectnessBasedSaliencyImage.mm; path = ../../ofxVision/src/Detectors/ofxVisionObjectnessBasedSaliencyImage.mm; sourceTree = SOURCE_ROOT; };
		"25A74B41-C979-4AF5-B690-C121FA5FED55" /* ofxVisionDetectHumanHandPose.h */ = {isa = PBXFileReference; explicitFileType = sourcecode.c.h; fileEncoding = 4; name = ofxVisionDetectHumanHandPose.h; path = ../../ofxVision/src/Detectors/ofxVisionDetectHumanHandPose.h; sourceTree = SOURCE_ROOT; };
		"2C9A178C-8B9E-4FD7-BB8E-DFFF07EFE935" /* ofxVisionObjCUtility.h */ = {isa = PBXFileReference; explicitFileType = sourcecode.c.h; fileEncoding = 4; name = ofxVisionObjCUtility.h; path = ../../ofxVision/src/ofxVisionObjCUtility.h; sourceTree = SOURCE_ROOT; };
		"2DBDB2F8-1193-40A2-A9DA-708019F9358E" /* ofxVision.h */ = {isa = PBXFileReference; explicitFileType = sourcecode.c.h; fileEncoding = 4; name = ofxVision.h; path = ../../ofxVision/src/ofxVision.h; sourceTree = SOURCE_ROOT; };
		"3506257B-BB63-43CA-BC79-8FB8245EC7FF" /* ofxVisionDetectHumanBodyPose.h */ = {isa = PBXFileReference; explicitFileType = sourcecode.c.h; fileEncoding = 4; name = ofxVisionDetectHumanBodyPose.h; path = ../../ofxVision/src/Detectors/ofxVisionDetectHumanBodyPose.h; sourceTree = SOURCE_ROOT; };
		"350682EC-AD0F-44A0-862D-C753AC144D43" /* ofxVisionDetectContours.mm */ = {isa = PBXFileReference; explicitFileType = sourcecode.cpp.objcpp; fileEncoding = 4; name = ofxVisionDetectContours.mm; path = ../../ofxVision/src/Detectors/ofxVisionDetectContours.mm; sourceTree = SOURCE_ROOT; };
		"3C2B222F-10FD-4698-9310-2B61318BDA53" /* ofxVisionObservation.h */ = {isa = PBXFileReference; explicitFileType = sourcecode.c.h; fileEncoding = 4; name = ofxVisionObservation.h; path = ../../ofxVision/src/ofxVisionObservation.h; sourceTree = SOURCE_ROOT; };
		"430EF98B-8277-4958-9C57-F512B62F81AA" /* Vision.framework */ = {isa = PBXFileReference; lastKnownFileType = wrapper.framework; name = Vision.framework; path = /System/Library/Frameworks/Vision.framework; sourceTree = SOURCE_ROOT; };
		"58A9638C-740A-48B2-9F8A-7654AEADF408" /* ofxVisionBase.h */ = {isa = PBXFileReference; explicitFileType = sourcecode.c.h; fileEncoding = 4; name = ofxVisionBase.h; path = ../../ofxVision/src/ofxVisionBase.h; sourceTree = SOURCE_ROOT; };
		"61230AB1-CE61-4EA3-B051-BA1E90BC38DE" /* ofxVisionAttentionBasedSaliencyImage.h */ = {isa = PBXFileReference; explicitFileType = sourcecode.c.h; fileEncoding = 4; name = ofxVisionAttentionBasedSaliencyImage.h; path = ../../ofxVision/src/Detectors/ofxVisionAttentionBasedSaliencyImage.h; sourceTree = SOURCE_ROOT; };
		"679997CA-9F04-41F0-8B95-1421AD4B94EA" /* ofxVisionDetectFaceLandmarks.mm */ = {isa = PBXFileReference; explicitFileType = sourcecode.cpp.objcpp; fileEncoding = 4; name = ofxVisionDetectFaceLandmarks.mm; path = ../../ofxVision/src/Detectors/ofxVisionDetectFaceLandmarks.mm; sourceTree = SOURCE_ROOT; };
		"71D4F921-28DF-400C-A286-C169CEB1D249" /* ofxVisionDetectContours.h */ = {isa = PBXFileReference; explicitFileType = sourcecode.c.h; fileEncoding = 4; name = ofxVisionDetectContours.h; path = ../../ofxVision/src/Detectors/ofxVisionDetectContours.h; sourceTree = SOURCE_ROOT; };
		"76E3301D-9CD9-45E9-8C90-BEA39934BDEF" /* ofxVisionUtility.mm */ = {isa = PBXFileReference; explicitFileType = sourcecode.cpp.objcpp; fileEncoding = 4; name = ofxVisionUtility.mm; path = ../../ofxVision/src/ofxVisionUtility.mm; sourceTree = SOURCE_ROOT; };
		"82514E69-483E-4F6E-94D7-1A4A3D3DFD2C" /* ofxVisionBase.mm */ = {isa = PBXFileReference; explicitFileType = sourcecode.cpp.objcpp; fileEncoding = 4; name = ofxVisionBase.mm; path = ../../ofxVision/src/ofxVisionBase.mm; sourceTree = SOURCE_ROOT; };
		"A4950E47-8D5D-4685-A0A9-52D1B9C2298E" /* ofxVisionPersonSegmentation.h */ = {isa = PBXFileReference; explicitFileType = sourcecode.c.h; fileEncoding = 4; name = ofxVisionPersonSegmentation.h; path = ../../ofxVision/src/Detectors/ofxVisionPersonSegmentation.h; sourceTree = SOURCE_ROOT; };
		"B13D0C0E-C84B-49EC-A770-A99E1FA88F44" /* ofxVisionDetectRectangles.mm */ = {isa = PBXFileReference; explicitFileType = sourcecode.cpp.objcpp; fileEncoding = 4; name = ofxVisionDetectRectangles.mm; path = ../../ofxVision/src/Detectors/ofxVisionDetectRectangles.mm; sourceTree = SOURCE_ROOT; };
		"B52BE8C6-0398-4741-96A9-4F63E9C3945C" /* IOSurface.framework */ = {isa = PBXFileReference; lastKnownFileType = wrapper.framework; name = IOSurface.framework; path = /System/Library/Frameworks/IOSurface.framework; sourceTree = SOURCE_ROOT; };
		"B69723C8-6D00-4766-B7E1-6350F18B2DF3" /* ofxVisionObjCUtility.mm */ = {isa = PBXFileReference; explicitFileType = sourcecode.cpp.objcpp; fileEncoding = 4; name = ofxVisionObjCUtility.mm; path = ../../ofxVision/src/ofxVisionObjCUtility.mm; sourceTree = SOURCE_ROOT; };
		"C24ADFA8-C5DA-4307-840A-C01AE7489B1F" /* ofx_vision_index_sequence.hpp */ = {isa = PBXFileReference; explicitFileType = sourcecode.c.h; fileEncoding = 4; name = ofx_vision_index_sequence.hpp; path = ../../ofxVision/src/details/ofx_vision_index_sequence.hpp; sourceTree = SOURCE_ROOT; };
		"CC93D148-EFB1-4FB0-935F-0F619D83FDA4" /* ofxVisionGenerateOpticalFlow.mm */ = {isa = PBXFileReference; explicitFileType = sourcecode.cpp.objcpp; fileEncoding = 4; name = ofxVisionGenerateOpticalFlow.mm; path = ../../ofxVision/src/Detectors/ofxVisionGenerateOpticalFlow.mm; sourceTree = SOURCE_ROOT; };
		"CF3A1102-BD0C-4A90-8E49-E017F3DF33AA" /* ofxVisionObjectnessBasedSaliencyImage.h */ = {isa = PBXFileReference; explicitFileType = sourcecode.c.h; fileEncoding = 4; name = ofxVisionObjectnessBasedSaliencyImage.h; path = ../../ofxVision/src/Detectors/ofxVisionObjectnessBasedSaliencyImage.h; sourceTree = SOURCE_ROOT; };
		"D448B082-F1D0-4A1E-818E-FBF7CD712D1A" /* ofxVisionDetectHumanHandPose.mm */ = {isa = PBXFileReference; explicitFileType = sourcecode.cpp.objcpp; fileEncoding = 4; name = ofxVisionDetectHumanHandPose.mm; path = ../../ofxVision/src/Detectors/ofxVisionDetectHumanHandPose.mm; sourceTree = SOURCE_ROOT; };
		"DBF8B586-2100-497C-9FD6-EDA64F547DCA" /* ofxVisionMultipleDetector.mm */ = {isa = PBXFileReference; explicitFileType = sourcecode.cpp.objcpp; fileEncoding = 4; name = ofxVisionMultipleDetector.mm; path = ../../ofxVision/src/ofxVisionMultipleDetector.mm; sourceTree = SOURCE_ROOT; };
		"DE943890-10A3-4E91-929F-A47D3FC5FCB3" /* ofxVisionPersonSegmentation.mm */ = {isa = PBXFileReference; explicitFileType = sourcecode.cpp.objcpp; fileEncoding = 4; name = ofxVisionPersonSegmentation.mm; path = ../../ofxVision/src/Detectors/ofxVisionPersonSegmentation.mm; sourceTree = SOURCE_ROOT; };
		"E38467A5-443C-4FFF-BF22-1AF1D8883E69" /* ofxVisionDetectHumanBodyPose.mm */ = {isa = PBXFileReference; explicitFileType = sourcecode.cpp.objcpp; fileEncoding = 4; name = ofxVisionDetectHumanBodyPose.mm; path = ../../ofxVision/src/Detectors/ofxVisionDetectHumanBodyPose.mm; sourceTree = SOURCE_ROOT; };
		E4B69B5B0A3A1756003C02F2 /* exampleDebug.app */ = {isa = PBXFileReference; explicitFileType = wrapper.application; includeInIndex = 0; path = exampleDebug.app; sourceTree = BUILT_PRODUCTS_DIR; };
		E4B69E1D0A3A1BDC003C02F2 /* main.cpp */ = {isa = PBXFileReference; fileEncoding = 4; lastKnownFileType = sourcecode.cpp.cpp; name = main.cpp; path = src/main.cpp; sourceTree = SOURCE_ROOT; };
		E4B69E1E0A3A1BDC003C02F2 /* ofApp.cpp */ = {isa = PBXFileReference; explicitFileType = sourcecode.cpp.cpp; fileEncoding = 4; name = ofApp.cpp; path = src/ofApp.cpp; sourceTree = SOURCE_ROOT; };
		E4B69E1F0A3A1BDC003C02F2 /* ofApp.h */ = {isa = PBXFileReference; fileEncoding = 4; lastKnownFileType = sourcecode.c.h; name = ofApp.h; path = src/ofApp.h; sourceTree = SOURCE_ROOT; };
		E4B6FCAD0C3E899E008CF71C /* openFrameworks-Info.plist */ = {isa = PBXFileReference; fileEncoding = 4; lastKnownFileType = text.plist.xml; path = "openFrameworks-Info.plist"; sourceTree = "<group>"; };
		E4EB6923138AFD0F00A09F29 /* Project.xcconfig */ = {isa = PBXFileReference; fileEncoding = 4; lastKnownFileType = text.xcconfig; path = Project.xcconfig; sourceTree = "<group>"; };
		"F0FB488C-A626-42C5-8144-FC3B07AEE2A1" /* ofxVisionUtility.h */ = {isa = PBXFileReference; explicitFileType = sourcecode.c.h; fileEncoding = 4; name = ofxVisionUtility.h; path = ../../ofxVision/src/ofxVisionUtility.h; sourceTree = SOURCE_ROOT; };
		"F69CEF19-A10E-45D4-A8BD-ACD11946F543" /* ofxVisionAttentionBasedSaliencyImage.mm */ = {isa = PBXFileReference; explicitFileType = sourcecode.cpp.objcpp; fileEncoding = 4; name = ofxVisionAttentionBasedSaliencyImage.mm; path = ../../ofxVision/src/Detectors/ofxVisionAttentionBasedSaliencyImage.mm; sourceTree = SOURCE_ROOT; };
		"F89389FA-6D47-462C-BBFD-3DE796373B46" /* ofxVisionDetectRectangles.h */ = {isa = PBXFileReference; explicitFileType = sourcecode.c.h; fileEncoding = 4; name = ofxVisionDetectRectangles.h; path = ../../ofxVision/src/Detectors/ofxVisionDetectRectangles.h; sourceTree = SOURCE_ROOT; };
/* End PBXFileReference section */

/* Begin PBXFrameworksBuildPhase section */
		E4B69B590A3A1756003C02F2 /* Frameworks */ = {
			isa = PBXFrameworksBuildPhase;
			buildActionMask = 2147483647;
			files = (
				"C9C17102-D180-48A7-A56C-52F3BD1B9683" /* Vision.framework in Frameworks */,
				"C971462D-A9F1-43D7-9DD1-519D4EF4D3E1" /* IOSurface.framework in Frameworks */,
			);
			runOnlyForDeploymentPostprocessing = 0;
		};
/* End PBXFrameworksBuildPhase section */

/* Begin PBXGroup section */
		"1D323F4F-FAD5-4D75-B768-7596119AE985" /* .. */ = {
			isa = PBXGroup;
			children = (
				"97830F7B-689D-48B5-ADB6-A037B2A5273C" /* .. */,
			);
			name = ..;
			sourceTree = SOURCE_ROOT;
		};
		"41165344-E212-4EAF-BFCF-9D22920B33C2" /* src */ = {
			isa = PBXGroup;
			children = (
				"A5D4FFE4-84CF-4D2E-AA13-A4065865DD54" /* Detectors */,
				"950A2E8D-B81E-4D1F-A26B-9F92BE32233F" /* details */,
				"2DBDB2F8-1193-40A2-A9DA-708019F9358E" /* ofxVision.h */,
				"58A9638C-740A-48B2-9F8A-7654AEADF408" /* ofxVisionBase.h */,
				"82514E69-483E-4F6E-94D7-1A4A3D3DFD2C" /* ofxVisionBase.mm */,
				"1BC0A7F2-5222-49DF-BBCF-CD5061D60A95" /* ofxVisionMultipleDetector.h */,
				"DBF8B586-2100-497C-9FD6-EDA64F547DCA" /* ofxVisionMultipleDetector.mm */,
				"2C9A178C-8B9E-4FD7-BB8E-DFFF07EFE935" /* ofxVisionObjCUtility.h */,
				"B69723C8-6D00-4766-B7E1-6350F18B2DF3" /* ofxVisionObjCUtility.mm */,
				"3C2B222F-10FD-4698-9310-2B61318BDA53" /* ofxVisionObservation.h */,
				"F0FB488C-A626-42C5-8144-FC3B07AEE2A1" /* ofxVisionUtility.h */,
				"76E3301D-9CD9-45E9-8C90-BEA39934BDEF" /* ofxVisionUtility.mm */,
			);
			name = src;
			sourceTree = SOURCE_ROOT;
		};
		"950A2E8D-B81E-4D1F-A26B-9F92BE32233F" /* details */ = {
			isa = PBXGroup;
			children = (
				"C24ADFA8-C5DA-4307-840A-C01AE7489B1F" /* ofx_vision_index_sequence.hpp */,
			);
			name = details;
			sourceTree = SOURCE_ROOT;
		};
		"97830F7B-689D-48B5-ADB6-A037B2A5273C" /* .. */ = {
			isa = PBXGroup;
			children = (
				"AB64F85D-1D2B-4C87-AFB1-6A4D6F8F834D" /* ofxVision */,
			);
			name = ..;
			sourceTree = SOURCE_ROOT;
		};
		"A5D4FFE4-84CF-4D2E-AA13-A4065865DD54" /* Detectors */ = {
			isa = PBXGroup;
			children = (
				"61230AB1-CE61-4EA3-B051-BA1E90BC38DE" /* ofxVisionAttentionBasedSaliencyImage.h */,
				"F69CEF19-A10E-45D4-A8BD-ACD11946F543" /* ofxVisionAttentionBasedSaliencyImage.mm */,
				"71D4F921-28DF-400C-A286-C169CEB1D249" /* ofxVisionDetectContours.h */,
				"350682EC-AD0F-44A0-862D-C753AC144D43" /* ofxVisionDetectContours.mm */,
				"1A64EDBA-D9B8-4425-8377-0E51C5B19673" /* ofxVisionDetectFaceLandmarks.h */,
				"679997CA-9F04-41F0-8B95-1421AD4B94EA" /* ofxVisionDetectFaceLandmarks.mm */,
				"3506257B-BB63-43CA-BC79-8FB8245EC7FF" /* ofxVisionDetectHumanBodyPose.h */,
				"E38467A5-443C-4FFF-BF22-1AF1D8883E69" /* ofxVisionDetectHumanBodyPose.mm */,
				"25A74B41-C979-4AF5-B690-C121FA5FED55" /* ofxVisionDetectHumanHandPose.h */,
				"D448B082-F1D0-4A1E-818E-FBF7CD712D1A" /* ofxVisionDetectHumanHandPose.mm */,
				"F89389FA-6D47-462C-BBFD-3DE796373B46" /* ofxVisionDetectRectangles.h */,
				"B13D0C0E-C84B-49EC-A770-A99E1FA88F44" /* ofxVisionDetectRectangles.mm */,
				"11CAF163-015D-413D-8D70-DC5A2C0927A8" /* ofxVisionGenerateOpticalFlow.h */,
				"CC93D148-EFB1-4FB0-935F-0F619D83FDA4" /* ofxVisionGenerateOpticalFlow.mm */,
				"CF3A1102-BD0C-4A90-8E49-E017F3DF33AA" /* ofxVisionObjectnessBasedSaliencyImage.h */,
				"22BC7A09-CBC2-4C73-B96F-6D77A4FCDF0D" /* ofxVisionObjectnessBasedSaliencyImage.mm */,
				"A4950E47-8D5D-4685-A0A9-52D1B9C2298E" /* ofxVisionPersonSegmentation.h */,
				"DE943890-10A3-4E91-929F-A47D3FC5FCB3" /* ofxVisionPersonSegmentation.mm */,
			);
			name = Detectors;
			sourceTree = SOURCE_ROOT;
		};
		"A9C06771-A51F-46E5-8338-FA87E689D23A" /* frameworks */ = {
			isa = PBXGroup;
			children = (
				"430EF98B-8277-4958-9C57-F512B62F81AA" /* Vision.framework */,
				"B52BE8C6-0398-4741-96A9-4F63E9C3945C" /* IOSurface.framework */,
			);
			name = frameworks;
			sourceTree = SOURCE_ROOT;
		};
		"AB64F85D-1D2B-4C87-AFB1-6A4D6F8F834D" /* ofxVision */ = {
			isa = PBXGroup;
			children = (
				"A9C06771-A51F-46E5-8338-FA87E689D23A" /* frameworks */,
			);
			name = ofxVision;
			sourceTree = SOURCE_ROOT;
		};
		BB4B014C10F69532006C3DED /* addons */ = {
			isa = PBXGroup;
			children = (
			);
			name = addons;
			path = ../../../addons;
			sourceTree = "<group>";
		};
		"E405D682-8560-49EB-B9BC-69CA5DAFBFD7" /* local_addons */ = {
			isa = PBXGroup;
			children = (
				"E97A289F-3135-473A-88AD-657D8979B69C" /* ofxVision */,
			);
			name = local_addons;
			sourceTree = SOURCE_ROOT;
		};
		E4B69B4A0A3A1720003C02F2 = {
			isa = PBXGroup;
			children = (
				191CD6FA2847E21E0085CBB6 /* of.entitlements */,
				E4B6FCAD0C3E899E008CF71C /* openFrameworks-Info.plist */,
				E4EB6923138AFD0F00A09F29 /* Project.xcconfig */,
				E4B69E1C0A3A1BDC003C02F2 /* src */,
				191EF70929D778A400F35F26 /* openFrameworks */,
				BB4B014C10F69532006C3DED /* addons */,
				E4B69B5B0A3A1756003C02F2 /* exampleDebug.app */,
				"E405D682-8560-49EB-B9BC-69CA5DAFBFD7" /* local_addons */,
				"1D323F4F-FAD5-4D75-B768-7596119AE985" /* .. */,
			);
			sourceTree = "<group>";
		};
		E4B69E1C0A3A1BDC003C02F2 /* src */ = {
			isa = PBXGroup;
			children = (
				E4B69E1D0A3A1BDC003C02F2 /* main.cpp */,
				E4B69E1E0A3A1BDC003C02F2 /* ofApp.cpp */,
				E4B69E1F0A3A1BDC003C02F2 /* ofApp.h */,
			);
			path = src;
			sourceTree = SOURCE_ROOT;
		};
		"E97A289F-3135-473A-88AD-657D8979B69C" /* ofxVision */ = {
			isa = PBXGroup;
			children = (
				"41165344-E212-4EAF-BFCF-9D22920B33C2" /* src */,
			);
			name = ofxVision;
			sourceTree = SOURCE_ROOT;
		};
/* End PBXGroup section */

/* Begin PBXNativeTarget section */
		E4B69B5A0A3A1756003C02F2 /* example */ = {
			isa = PBXNativeTarget;
			buildConfigurationList = E4B69B5F0A3A1757003C02F2 /* Build configuration list for PBXNativeTarget "example" */;
			buildPhases = (
				E42962A92163ECCD00A6A9E2 /* Run Script — Compile OF */,
				E4B69B580A3A1756003C02F2 /* Sources */,
				E4B69B590A3A1756003C02F2 /* Frameworks */,
				E4C2427710CC5ABF004149E2 /* CopyFiles */,
				E4A5B60F29BAAAE400C2D356 /* CopyFiles */,
				19B789C429E5AB4A0082E9B8 /* ShellScript */,
			);
			buildRules = (
			);
			dependencies = (
			);
			name = example;
			productName = myOFApp;
			productReference = E4B69B5B0A3A1756003C02F2 /* exampleDebug.app */;
			productType = "com.apple.product-type.application";
		};
/* End PBXNativeTarget section */

/* Begin PBXProject section */
		E4B69B4C0A3A1720003C02F2 /* Project object */ = {
			isa = PBXProject;
			attributes = {
				LastUpgradeCheck = 0600;
			};
			buildConfigurationList = E4B69B4D0A3A1720003C02F2 /* Build configuration list for PBXProject "example" */;
			compatibilityVersion = "Xcode 3.2";
			developmentRegion = en;
			hasScannedForEncodings = 0;
			knownRegions = (
				en,
				Base,
			);
			mainGroup = E4B69B4A0A3A1720003C02F2;
			productRefGroup = E4B69B4A0A3A1720003C02F2;
			projectDirPath = "";
			projectRoot = "";
			targets = (
				E4B69B5A0A3A1756003C02F2 /* example */,
			);
		};
/* End PBXProject section */

/* Begin PBXShellScriptBuildPhase section */
		19B789C429E5AB4A0082E9B8 /* ShellScript */ = {
			isa = PBXShellScriptBuildPhase;
			buildActionMask = 2147483647;
			files = (
			);
			inputFileListPaths = (
			);
			inputPaths = (
			);
			outputFileListPaths = (
			);
			outputPaths = (
			);
			runOnlyForDeploymentPostprocessing = 0;
			shellPath = /bin/sh;
			shellScript = "\"$OF_PATH/scripts/osx/xcode_project.sh\"\n";
			showEnvVarsInLog = 0;
		};
		E42962A92163ECCD00A6A9E2 /* Run Script — Compile OF */ = {
			isa = PBXShellScriptBuildPhase;
			alwaysOutOfDate = 1;
			buildActionMask = 2147483647;
			files = (
			);
			inputPaths = (
			);
			name = "Run Script — Compile OF";
			outputPaths = (
			);
			runOnlyForDeploymentPostprocessing = 0;
			shellPath = /bin/sh;
			shellScript = "echo \"💾 Compiling Openframeworks\"\nxcodebuild -project \"$OF_PATH/libs/openFrameworksCompiled/project/osx/openFrameworksLib.xcodeproj\" -target openFrameworks -configuration \"${CONFIGURATION}\"  CLANG_CXX_LANGUAGE_STANDARD=$CLANG_CXX_LANGUAGE_STANDARD MACOSX_DEPLOYMENT_TARGET=$MACOSX_DEPLOYMENT_TARGET GCC_PREPROCESSOR_DEFINITIONS=$USER_PREPROCESSOR_DEFINITIONS\n";
			showEnvVarsInLog = 0;
		};
/* End PBXShellScriptBuildPhase section */

/* Begin PBXSourcesBuildPhase section */
		E4B69B580A3A1756003C02F2 /* Sources */ = {
			isa = PBXSourcesBuildPhase;
			buildActionMask = 2147483647;
			files = (
				E4B69E200A3A1BDC003C02F2 /* main.cpp in Sources */,
				E4B69E210A3A1BDC003C02F2 /* ofApp.cpp in Sources */,
				"F166A71E-9E6F-4150-BFAA-AAB033A6904E" /* ofxVisionAttentionBasedSaliencyImage.mm in Sources */,
				"8BF9CE76-40AE-49CF-B745-3E8C310B0D14" /* ofxVisionDetectContours.mm in Sources */,
				"42A80386-9352-4681-8A6D-40EE719B5683" /* ofxVisionDetectFaceLandmarks.mm in Sources */,
				"B78E3E8E-D0A5-4B88-8794-0ADCCA55154D" /* ofxVisionDetectHumanBodyPose.mm in Sources */,
				"9783DD78-4D91-43E5-AABD-F3DD6AA2F26B" /* ofxVisionDetectHumanHandPose.mm in Sources */,
				"0BCAF54A-5D1D-4853-AEDB-1238DEE3E95F" /* ofxVisionDetectRectangles.mm in Sources */,
				"A93CA8CE-FE9E-4CC9-982C-6F04D635CADA" /* ofxVisionGenerateOpticalFlow.mm in Sources */,
				"1268A4E7-D690-40CD-A602-53210FBC91A6" /* ofxVisionObjectnessBasedSaliencyImage.mm in Sources */,
				"796BD867-4B37-4AD2-9C93-AF601D599418" /* ofxVisionPersonSegmentation.mm in Sources */,
				"D9A0283C-21DB-4416-8D88-4F288713FCAD" /* ofxVisionBase.mm in Sources */,
				"A99C3D76-01BE-45A8-917F-4D69F44BC783" /* ofxVisionMultipleDetector.mm in Sources */,
				"48DDD54B-E573-4AF3-9A6E-4B3D1CF688D8" /* ofxVisionObjCUtility.mm in Sources */,
				"7EB58C13-1291-4F11-BD9E-F548B70BE536" /* ofxVisionUtility.mm in Sources */,
			);
			runOnlyForDeploymentPostprocessing = 0;
		};
/* End PBXSourcesBuildPhase section */

/* Begin XCBuildConfiguration section */
		E4B69B4E0A3A1720003C02F2 /* Debug */ = {
			isa = XCBuildConfiguration;
			baseConfigurationReference = E4EB6923138AFD0F00A09F29 /* Project.xcconfig */;
			buildSettings = {
				CODE_SIGN_ENTITLEMENTS = of.entitlements;
				COPY_PHASE_STRIP = NO;
				ENABLE_TESTABILITY = YES;
				GCC_OPTIMIZATION_LEVEL = 0;
				GCC_WARN_UNUSED_VARIABLE = NO;
				HEADER_SEARCH_PATHS = (
					"$(OF_CORE_HEADERS)",
					src,
				);
				OTHER_CPLUSPLUSFLAGS = "-D__MACOSX_CORE__";
			};
			name = Debug;
		};
		E4B69B4F0A3A1720003C02F2 /* Release */ = {
			isa = XCBuildConfiguration;
			baseConfigurationReference = E4EB6923138AFD0F00A09F29 /* Project.xcconfig */;
			buildSettings = {
				CODE_SIGN_ENTITLEMENTS = of.entitlements;
				COPY_PHASE_STRIP = YES;
				GCC_OPTIMIZATION_LEVEL = 3;
				GCC_UNROLL_LOOPS = YES;
				HEADER_SEARCH_PATHS = (
					"$(OF_CORE_HEADERS)",
					src,
				);
				OTHER_CPLUSPLUSFLAGS = "-D__MACOSX_CORE__";
			};
			name = Release;
		};
		E4B69B600A3A1757003C02F2 /* Debug */ = {
			isa = XCBuildConfiguration;
			baseConfigurationReference = E4EB6923138AFD0F00A09F29 /* Project.xcconfig */;
			buildSettings = {
				ARCHS = "$(ARCHS_STANDARD)";
				COPY_PHASE_STRIP = NO;
				FRAMEWORK_SEARCH_PATHS = (
					"$(inherited)",
					/System/Library/Frameworks,
					/System/Library/Frameworks,
				);
				GCC_DYNAMIC_NO_PIC = NO;
				HEADER_SEARCH_PATHS = (
					"$(OF_CORE_HEADERS)",
					src,
					src,
					../../ofxVision/src,
					../../ofxVision/src/Detectors,
					../../ofxVision/src/details,
				);
				LIBRARY_SEARCH_PATHS = "$(inherited)";
				MACOSX_DEPLOYMENT_TARGET = 14.5;
				OTHER_LDFLAGS = (
					"$(OF_CORE_LIBS)",
					"$(OF_CORE_FRAMEWORKS)",
					"$(LIB_OF_DEBUG)",
				);
			};
			name = Debug;
		};
		E4B69B610A3A1757003C02F2 /* Release */ = {
			isa = XCBuildConfiguration;
			baseConfigurationReference = E4EB6923138AFD0F00A09F29 /* Project.xcconfig */;
			buildSettings = {
				ARCHS = "$(ARCHS_STANDARD)";
				COPY_PHASE_STRIP = YES;
				FRAMEWORK_SEARCH_PATHS = (
					"$(inherited)",
					/System/Library/Frameworks,
					/System/Library/Frameworks,
				);
				HEADER_SEARCH_PATHS = (
					"$(OF_CORE_HEADERS)",
					src,
					src,
					../../ofxVision/src,
					../../ofxVision/src/Detectors,
					../../ofxVision/src/details,
				);
				LIBRARY_SEARCH_PATHS = "$(inherited)";
				MACOSX_DEPLOYMENT_TARGET = 14.5;
				OTHER_LDFLAGS = (
					"$(OF_CORE_LIBS)",
					"$(OF_CORE_FRAMEWORKS)",
					"$(LIB_OF)",
				);
				baseConfigurationReference = E4EB6923138AFD0F00A09F29;
			};
			name = Release;
		};
/* End XCBuildConfiguration section */

/* Begin XCConfigurationList section */
		E4B69B4D0A3A1720003C02F2 /* Build configuration list for PBXProject "example" */ = {
			isa = XCConfigurationList;
			buildConfigurations = (
				E4B69B4E0A3A1720003C02F2 /* Debug */,
				E4B69B4F0A3A1720003C02F2 /* Release */,
			);
			defaultConfigurationIsVisible = 0;
			defaultConfigurationName = Release;
		};
		E4B69B5F0A3A1757003C02F2 /* Build configuration list for PBXNativeTarget "example" */ = {
			isa = XCConfigurationList;
			buildConfigurations = (
				E4B69B600A3A1757003C02F2 /* Debug */,
				E4B69B610A3A1757003C02F2 /* Release */,
			);
			defaultConfigurationIsVisible = 0;
			defaultConfigurationName = Release;
		};
/* End XCConfigurationList section */
	};
	rootObject = E4B69B4C0A3A1720003C02F2 /* Project object */;
}
